// !$*UTF8*$!
{
	archiveVersion = 1;
	classes = {
	};
	objectVersion = 50;
	objects = {

/* Begin PBXBuildFile section */
		0F0FC229236D8A0E00FDA0C7 /* MovieDetailsViewController.swift in Sources */ = {isa = PBXBuildFile; fileRef = 0F0FC228236D8A0E00FDA0C7 /* MovieDetailsViewController.swift */; };
		0F0FC22B236D8A1F00FDA0C7 /* MovieDetailsModel.swift in Sources */ = {isa = PBXBuildFile; fileRef = 0F0FC22A236D8A1F00FDA0C7 /* MovieDetailsModel.swift */; };
		0F0FC22D236D8A3000FDA0C7 /* MovieDetailsPresenter.swift in Sources */ = {isa = PBXBuildFile; fileRef = 0F0FC22C236D8A3000FDA0C7 /* MovieDetailsPresenter.swift */; };
		0F0FC22F236DF6B600FDA0C7 /* MovieDetailsCollectionViewCell.swift in Sources */ = {isa = PBXBuildFile; fileRef = 0F0FC22E236DF6B600FDA0C7 /* MovieDetailsCollectionViewCell.swift */; };
		0F0FC231236E1F9C00FDA0C7 /* MovieDetailsCollectionViewCell.xib in Resources */ = {isa = PBXBuildFile; fileRef = 0F0FC230236E1F9C00FDA0C7 /* MovieDetailsCollectionViewCell.xib */; };
		0F0FC23A236E3AFB00FDA0C7 /* SectionCollectionReusableView.swift in Sources */ = {isa = PBXBuildFile; fileRef = 0F0FC238236E3AFB00FDA0C7 /* SectionCollectionReusableView.swift */; };
		0F0FC23B236E3AFB00FDA0C7 /* SectionCollectionReusableView.xib in Resources */ = {isa = PBXBuildFile; fileRef = 0F0FC239236E3AFB00FDA0C7 /* SectionCollectionReusableView.xib */; };
		0F12F77E236CE43500E0DC27 /* MovieTableViewCell.swift in Sources */ = {isa = PBXBuildFile; fileRef = 0F12F77D236CE43500E0DC27 /* MovieTableViewCell.swift */; };
		0FEEDB57236C1AE5002757D2 /* AppDelegate.swift in Sources */ = {isa = PBXBuildFile; fileRef = 0FEEDB56236C1AE5002757D2 /* AppDelegate.swift */; };
		0FEEDB59236C1AE5002757D2 /* SceneDelegate.swift in Sources */ = {isa = PBXBuildFile; fileRef = 0FEEDB58236C1AE5002757D2 /* SceneDelegate.swift */; };
		0FEEDB5B236C1AE5002757D2 /* MoviesListViewController.swift in Sources */ = {isa = PBXBuildFile; fileRef = 0FEEDB5A236C1AE5002757D2 /* MoviesListViewController.swift */; };
		0FEEDB5E236C1AE5002757D2 /* Main.storyboard in Resources */ = {isa = PBXBuildFile; fileRef = 0FEEDB5C236C1AE5002757D2 /* Main.storyboard */; };
		0FEEDB60236C1AE8002757D2 /* Assets.xcassets in Resources */ = {isa = PBXBuildFile; fileRef = 0FEEDB5F236C1AE8002757D2 /* Assets.xcassets */; };
		0FEEDB63236C1AE8002757D2 /* LaunchScreen.storyboard in Resources */ = {isa = PBXBuildFile; fileRef = 0FEEDB61236C1AE8002757D2 /* LaunchScreen.storyboard */; };
		0FEEDB6B236C1B33002757D2 /* Movies.swift in Sources */ = {isa = PBXBuildFile; fileRef = 0FEEDB6A236C1B33002757D2 /* Movies.swift */; };
		0FF9A1B3236C239200122511 /* NetworkService.swift in Sources */ = {isa = PBXBuildFile; fileRef = 0FF9A1B2236C239200122511 /* NetworkService.swift */; };
		0FF9A1B8236C4A7000122511 /* MoviesListModel.swift in Sources */ = {isa = PBXBuildFile; fileRef = 0FF9A1B7236C4A7000122511 /* MoviesListModel.swift */; };
		0FF9A1BA236C4A8500122511 /* MoviesListPresenter.swift in Sources */ = {isa = PBXBuildFile; fileRef = 0FF9A1B9236C4A8500122511 /* MoviesListPresenter.swift */; };
/* End PBXBuildFile section */

/* Begin PBXFileReference section */
		0F0FC228236D8A0E00FDA0C7 /* MovieDetailsViewController.swift */ = {isa = PBXFileReference; lastKnownFileType = sourcecode.swift; path = MovieDetailsViewController.swift; sourceTree = "<group>"; };
		0F0FC22A236D8A1F00FDA0C7 /* MovieDetailsModel.swift */ = {isa = PBXFileReference; lastKnownFileType = sourcecode.swift; path = MovieDetailsModel.swift; sourceTree = "<group>"; };
		0F0FC22C236D8A3000FDA0C7 /* MovieDetailsPresenter.swift */ = {isa = PBXFileReference; lastKnownFileType = sourcecode.swift; path = MovieDetailsPresenter.swift; sourceTree = "<group>"; };
		0F0FC22E236DF6B600FDA0C7 /* MovieDetailsCollectionViewCell.swift */ = {isa = PBXFileReference; lastKnownFileType = sourcecode.swift; path = MovieDetailsCollectionViewCell.swift; sourceTree = "<group>"; };
		0F0FC230236E1F9C00FDA0C7 /* MovieDetailsCollectionViewCell.xib */ = {isa = PBXFileReference; lastKnownFileType = file.xib; path = MovieDetailsCollectionViewCell.xib; sourceTree = "<group>"; };
		0F0FC238236E3AFB00FDA0C7 /* SectionCollectionReusableView.swift */ = {isa = PBXFileReference; lastKnownFileType = sourcecode.swift; path = SectionCollectionReusableView.swift; sourceTree = "<group>"; };
		0F0FC239236E3AFB00FDA0C7 /* SectionCollectionReusableView.xib */ = {isa = PBXFileReference; lastKnownFileType = file.xib; path = SectionCollectionReusableView.xib; sourceTree = "<group>"; };
		0F12F77D236CE43500E0DC27 /* MovieTableViewCell.swift */ = {isa = PBXFileReference; lastKnownFileType = sourcecode.swift; path = MovieTableViewCell.swift; sourceTree = "<group>"; };
		0FEEDB53236C1AE5002757D2 /* TMDBapp.app */ = {isa = PBXFileReference; explicitFileType = wrapper.application; includeInIndex = 0; path = TMDBapp.app; sourceTree = BUILT_PRODUCTS_DIR; };
		0FEEDB56236C1AE5002757D2 /* AppDelegate.swift */ = {isa = PBXFileReference; lastKnownFileType = sourcecode.swift; path = AppDelegate.swift; sourceTree = "<group>"; };
		0FEEDB58236C1AE5002757D2 /* SceneDelegate.swift */ = {isa = PBXFileReference; lastKnownFileType = sourcecode.swift; path = SceneDelegate.swift; sourceTree = "<group>"; };
		0FEEDB5A236C1AE5002757D2 /* MoviesListViewController.swift */ = {isa = PBXFileReference; lastKnownFileType = sourcecode.swift; path = MoviesListViewController.swift; sourceTree = "<group>"; };
		0FEEDB5D236C1AE5002757D2 /* Base */ = {isa = PBXFileReference; lastKnownFileType = file.storyboard; name = Base; path = Base.lproj/Main.storyboard; sourceTree = "<group>"; };
		0FEEDB5F236C1AE8002757D2 /* Assets.xcassets */ = {isa = PBXFileReference; lastKnownFileType = folder.assetcatalog; path = Assets.xcassets; sourceTree = "<group>"; };
		0FEEDB62236C1AE8002757D2 /* Base */ = {isa = PBXFileReference; lastKnownFileType = file.storyboard; name = Base; path = Base.lproj/LaunchScreen.storyboard; sourceTree = "<group>"; };
		0FEEDB64236C1AE8002757D2 /* Info.plist */ = {isa = PBXFileReference; lastKnownFileType = text.plist.xml; path = Info.plist; sourceTree = "<group>"; };
		0FEEDB6A236C1B33002757D2 /* Movies.swift */ = {isa = PBXFileReference; lastKnownFileType = sourcecode.swift; path = Movies.swift; sourceTree = "<group>"; };
		0FF9A1B2236C239200122511 /* NetworkService.swift */ = {isa = PBXFileReference; lastKnownFileType = sourcecode.swift; path = NetworkService.swift; sourceTree = "<group>"; };
		0FF9A1B7236C4A7000122511 /* MoviesListModel.swift */ = {isa = PBXFileReference; lastKnownFileType = sourcecode.swift; path = MoviesListModel.swift; sourceTree = "<group>"; };
		0FF9A1B9236C4A8500122511 /* MoviesListPresenter.swift */ = {isa = PBXFileReference; lastKnownFileType = sourcecode.swift; path = MoviesListPresenter.swift; sourceTree = "<group>"; };
/* End PBXFileReference section */

/* Begin PBXFrameworksBuildPhase section */
		0FEEDB50236C1AE5002757D2 /* Frameworks */ = {
			isa = PBXFrameworksBuildPhase;
			buildActionMask = 2147483647;
			files = (
			);
			runOnlyForDeploymentPostprocessing = 0;
		};
/* End PBXFrameworksBuildPhase section */

/* Begin PBXGroup section */
		0F0FC227236D89EE00FDA0C7 /* MovieDetails */ = {
			isa = PBXGroup;
			children = (
				0F0FC228236D8A0E00FDA0C7 /* MovieDetailsViewController.swift */,
				0F0FC22A236D8A1F00FDA0C7 /* MovieDetailsModel.swift */,
				0F0FC22C236D8A3000FDA0C7 /* MovieDetailsPresenter.swift */,
			);
			path = MovieDetails;
			sourceTree = "<group>";
		};
		0F12F77C236CE40D00E0DC27 /* Views */ = {
			isa = PBXGroup;
			children = (
				0F12F77D236CE43500E0DC27 /* MovieTableViewCell.swift */,
				0F0FC22E236DF6B600FDA0C7 /* MovieDetailsCollectionViewCell.swift */,
				0F0FC230236E1F9C00FDA0C7 /* MovieDetailsCollectionViewCell.xib */,
				0F0FC238236E3AFB00FDA0C7 /* SectionCollectionReusableView.swift */,
				0F0FC239236E3AFB00FDA0C7 /* SectionCollectionReusableView.xib */,
			);
			path = Views;
			sourceTree = "<group>";
		};
		0FEEDB4A236C1AE4002757D2 = {
			isa = PBXGroup;
			children = (
				0FEEDB55236C1AE5002757D2 /* TMDBapp */,
				0FEEDB54236C1AE5002757D2 /* Products */,
			);
			sourceTree = "<group>";
		};
		0FEEDB54236C1AE5002757D2 /* Products */ = {
			isa = PBXGroup;
			children = (
				0FEEDB53236C1AE5002757D2 /* TMDBapp.app */,
			);
			name = Products;
			sourceTree = "<group>";
		};
		0FEEDB55236C1AE5002757D2 /* TMDBapp */ = {
			isa = PBXGroup;
			children = (
				0F0FC227236D89EE00FDA0C7 /* MovieDetails */,
				0FF9A1B6236C499C00122511 /* MoviesList */,
				0FF9A1B1236C236B00122511 /* Services */,
				0F12F77C236CE40D00E0DC27 /* Views */,
				0FEEDB6C236C1B3E002757D2 /* Entities */,
				0FEEDB56236C1AE5002757D2 /* AppDelegate.swift */,
				0FEEDB58236C1AE5002757D2 /* SceneDelegate.swift */,
				0FEEDB5C236C1AE5002757D2 /* Main.storyboard */,
				0FEEDB5F236C1AE8002757D2 /* Assets.xcassets */,
				0FEEDB61236C1AE8002757D2 /* LaunchScreen.storyboard */,
				0FEEDB64236C1AE8002757D2 /* Info.plist */,
			);
			path = TMDBapp;
			sourceTree = "<group>";
		};
		0FEEDB6C236C1B3E002757D2 /* Entities */ = {
			isa = PBXGroup;
			children = (
				0FEEDB6A236C1B33002757D2 /* Movies.swift */,
			);
			path = Entities;
			sourceTree = "<group>";
		};
		0FF9A1B1236C236B00122511 /* Services */ = {
			isa = PBXGroup;
			children = (
				0FF9A1B2236C239200122511 /* NetworkService.swift */,
			);
			path = Services;
			sourceTree = "<group>";
		};
		0FF9A1B6236C499C00122511 /* MoviesList */ = {
			isa = PBXGroup;
			children = (
				0FEEDB5A236C1AE5002757D2 /* MoviesListViewController.swift */,
				0FF9A1B7236C4A7000122511 /* MoviesListModel.swift */,
				0FF9A1B9236C4A8500122511 /* MoviesListPresenter.swift */,
			);
			path = MoviesList;
			sourceTree = "<group>";
		};
/* End PBXGroup section */

/* Begin PBXNativeTarget section */
		0FEEDB52236C1AE5002757D2 /* TMDBapp */ = {
			isa = PBXNativeTarget;
			buildConfigurationList = 0FEEDB67236C1AE8002757D2 /* Build configuration list for PBXNativeTarget "TMDBapp" */;
			buildPhases = (
				0FEEDB4F236C1AE5002757D2 /* Sources */,
				0FEEDB50236C1AE5002757D2 /* Frameworks */,
				0FEEDB51236C1AE5002757D2 /* Resources */,
			);
			buildRules = (
			);
			dependencies = (
			);
			name = TMDBapp;
			productName = TMDBapp;
			productReference = 0FEEDB53236C1AE5002757D2 /* TMDBapp.app */;
			productType = "com.apple.product-type.application";
		};
/* End PBXNativeTarget section */

/* Begin PBXProject section */
		0FEEDB4B236C1AE5002757D2 /* Project object */ = {
			isa = PBXProject;
			attributes = {
				LastSwiftUpdateCheck = 1110;
				LastUpgradeCheck = 1110;
				ORGANIZATIONNAME = "Dmitry Pavlov";
				TargetAttributes = {
					0FEEDB52236C1AE5002757D2 = {
						CreatedOnToolsVersion = 11.1;
					};
				};
			};
			buildConfigurationList = 0FEEDB4E236C1AE5002757D2 /* Build configuration list for PBXProject "TMDBapp" */;
			compatibilityVersion = "Xcode 9.3";
			developmentRegion = en;
			hasScannedForEncodings = 0;
			knownRegions = (
				en,
				Base,
			);
			mainGroup = 0FEEDB4A236C1AE4002757D2;
			productRefGroup = 0FEEDB54236C1AE5002757D2 /* Products */;
			projectDirPath = "";
			projectRoot = "";
			targets = (
				0FEEDB52236C1AE5002757D2 /* TMDBapp */,
			);
		};
/* End PBXProject section */

/* Begin PBXResourcesBuildPhase section */
		0FEEDB51236C1AE5002757D2 /* Resources */ = {
			isa = PBXResourcesBuildPhase;
			buildActionMask = 2147483647;
			files = (
				0F0FC231236E1F9C00FDA0C7 /* MovieDetailsCollectionViewCell.xib in Resources */,
				0FEEDB63236C1AE8002757D2 /* LaunchScreen.storyboard in Resources */,
				0FEEDB60236C1AE8002757D2 /* Assets.xcassets in Resources */,
				0FEEDB5E236C1AE5002757D2 /* Main.storyboard in Resources */,
				0F0FC23B236E3AFB00FDA0C7 /* SectionCollectionReusableView.xib in Resources */,
			);
			runOnlyForDeploymentPostprocessing = 0;
		};
/* End PBXResourcesBuildPhase section */

/* Begin PBXSourcesBuildPhase section */
		0FEEDB4F236C1AE5002757D2 /* Sources */ = {
			isa = PBXSourcesBuildPhase;
			buildActionMask = 2147483647;
			files = (
				0FF9A1B3236C239200122511 /* NetworkService.swift in Sources */,
				0F0FC22B236D8A1F00FDA0C7 /* MovieDetailsModel.swift in Sources */,
				0FEEDB5B236C1AE5002757D2 /* MoviesListViewController.swift in Sources */,
				0F0FC229236D8A0E00FDA0C7 /* MovieDetailsViewController.swift in Sources */,
				0FF9A1B8236C4A7000122511 /* MoviesListModel.swift in Sources */,
				0FF9A1BA236C4A8500122511 /* MoviesListPresenter.swift in Sources */,
				0FEEDB57236C1AE5002757D2 /* AppDelegate.swift in Sources */,
				0F0FC22D236D8A3000FDA0C7 /* MovieDetailsPresenter.swift in Sources */,
				0F0FC22F236DF6B600FDA0C7 /* MovieDetailsCollectionViewCell.swift in Sources */,
				0F0FC23A236E3AFB00FDA0C7 /* SectionCollectionReusableView.swift in Sources */,
				0FEEDB59236C1AE5002757D2 /* SceneDelegate.swift in Sources */,
				0F12F77E236CE43500E0DC27 /* MovieTableViewCell.swift in Sources */,
				0FEEDB6B236C1B33002757D2 /* Movies.swift in Sources */,
			);
			runOnlyForDeploymentPostprocessing = 0;
		};
/* End PBXSourcesBuildPhase section */

/* Begin PBXVariantGroup section */
		0FEEDB5C236C1AE5002757D2 /* Main.storyboard */ = {
			isa = PBXVariantGroup;
			children = (
				0FEEDB5D236C1AE5002757D2 /* Base */,
			);
			name = Main.storyboard;
			sourceTree = "<group>";
		};
		0FEEDB61236C1AE8002757D2 /* LaunchScreen.storyboard */ = {
			isa = PBXVariantGroup;
			children = (
				0FEEDB62236C1AE8002757D2 /* Base */,
			);
			name = LaunchScreen.storyboard;
			sourceTree = "<group>";
		};
/* End PBXVariantGroup section */

/* Begin XCBuildConfiguration section */
		0FEEDB65236C1AE8002757D2 /* Debug */ = {
			isa = XCBuildConfiguration;
			buildSettings = {
				ALWAYS_SEARCH_USER_PATHS = NO;
				CLANG_ANALYZER_NONNULL = YES;
				CLANG_ANALYZER_NUMBER_OBJECT_CONVERSION = YES_AGGRESSIVE;
				CLANG_CXX_LANGUAGE_STANDARD = "gnu++14";
				CLANG_CXX_LIBRARY = "libc++";
				CLANG_ENABLE_MODULES = YES;
				CLANG_ENABLE_OBJC_ARC = YES;
				CLANG_ENABLE_OBJC_WEAK = YES;
				CLANG_WARN_BLOCK_CAPTURE_AUTORELEASING = YES;
				CLANG_WARN_BOOL_CONVERSION = YES;
				CLANG_WARN_COMMA = YES;
				CLANG_WARN_CONSTANT_CONVERSION = YES;
				CLANG_WARN_DEPRECATED_OBJC_IMPLEMENTATIONS = YES;
				CLANG_WARN_DIRECT_OBJC_ISA_USAGE = YES_ERROR;
				CLANG_WARN_DOCUMENTATION_COMMENTS = YES;
				CLANG_WARN_EMPTY_BODY = YES;
				CLANG_WARN_ENUM_CONVERSION = YES;
				CLANG_WARN_INFINITE_RECURSION = YES;
				CLANG_WARN_INT_CONVERSION = YES;
				CLANG_WARN_NON_LITERAL_NULL_CONVERSION = YES;
				CLANG_WARN_OBJC_IMPLICIT_RETAIN_SELF = YES;
				CLANG_WARN_OBJC_LITERAL_CONVERSION = YES;
				CLANG_WARN_OBJC_ROOT_CLASS = YES_ERROR;
				CLANG_WARN_RANGE_LOOP_ANALYSIS = YES;
				CLANG_WARN_STRICT_PROTOTYPES = YES;
				CLANG_WARN_SUSPICIOUS_MOVE = YES;
				CLANG_WARN_UNGUARDED_AVAILABILITY = YES_AGGRESSIVE;
				CLANG_WARN_UNREACHABLE_CODE = YES;
				CLANG_WARN__DUPLICATE_METHOD_MATCH = YES;
				COPY_PHASE_STRIP = NO;
				DEBUG_INFORMATION_FORMAT = dwarf;
				ENABLE_STRICT_OBJC_MSGSEND = YES;
				ENABLE_TESTABILITY = YES;
				GCC_C_LANGUAGE_STANDARD = gnu11;
				GCC_DYNAMIC_NO_PIC = NO;
				GCC_NO_COMMON_BLOCKS = YES;
				GCC_OPTIMIZATION_LEVEL = 0;
				GCC_PREPROCESSOR_DEFINITIONS = (
					"DEBUG=1",
					"$(inherited)",
				);
				GCC_WARN_64_TO_32_BIT_CONVERSION = YES;
				GCC_WARN_ABOUT_RETURN_TYPE = YES_ERROR;
				GCC_WARN_UNDECLARED_SELECTOR = YES;
				GCC_WARN_UNINITIALIZED_AUTOS = YES_AGGRESSIVE;
				GCC_WARN_UNUSED_FUNCTION = YES;
				GCC_WARN_UNUSED_VARIABLE = YES;
				IPHONEOS_DEPLOYMENT_TARGET = 13.1;
				MTL_ENABLE_DEBUG_INFO = INCLUDE_SOURCE;
				MTL_FAST_MATH = YES;
				ONLY_ACTIVE_ARCH = YES;
				SDKROOT = iphoneos;
				SWIFT_ACTIVE_COMPILATION_CONDITIONS = DEBUG;
				SWIFT_OPTIMIZATION_LEVEL = "-Onone";
			};
			name = Debug;
		};
		0FEEDB66236C1AE8002757D2 /* Release */ = {
			isa = XCBuildConfiguration;
			buildSettings = {
				ALWAYS_SEARCH_USER_PATHS = NO;
				CLANG_ANALYZER_NONNULL = YES;
				CLANG_ANALYZER_NUMBER_OBJECT_CONVERSION = YES_AGGRESSIVE;
				CLANG_CXX_LANGUAGE_STANDARD = "gnu++14";
				CLANG_CXX_LIBRARY = "libc++";
				CLANG_ENABLE_MODULES = YES;
				CLANG_ENABLE_OBJC_ARC = YES;
				CLANG_ENABLE_OBJC_WEAK = YES;
				CLANG_WARN_BLOCK_CAPTURE_AUTORELEASING = YES;
				CLANG_WARN_BOOL_CONVERSION = YES;
				CLANG_WARN_COMMA = YES;
				CLANG_WARN_CONSTANT_CONVERSION = YES;
				CLANG_WARN_DEPRECATED_OBJC_IMPLEMENTATIONS = YES;
				CLANG_WARN_DIRECT_OBJC_ISA_USAGE = YES_ERROR;
				CLANG_WARN_DOCUMENTATION_COMMENTS = YES;
				CLANG_WARN_EMPTY_BODY = YES;
				CLANG_WARN_ENUM_CONVERSION = YES;
				CLANG_WARN_INFINITE_RECURSION = YES;
				CLANG_WARN_INT_CONVERSION = YES;
				CLANG_WARN_NON_LITERAL_NULL_CONVERSION = YES;
				CLANG_WARN_OBJC_IMPLICIT_RETAIN_SELF = YES;
				CLANG_WARN_OBJC_LITERAL_CONVERSION = YES;
				CLANG_WARN_OBJC_ROOT_CLASS = YES_ERROR;
				CLANG_WARN_RANGE_LOOP_ANALYSIS = YES;
				CLANG_WARN_STRICT_PROTOTYPES = YES;
				CLANG_WARN_SUSPICIOUS_MOVE = YES;
				CLANG_WARN_UNGUARDED_AVAILABILITY = YES_AGGRESSIVE;
				CLANG_WARN_UNREACHABLE_CODE = YES;
				CLANG_WARN__DUPLICATE_METHOD_MATCH = YES;
				COPY_PHASE_STRIP = NO;
				DEBUG_INFORMATION_FORMAT = "dwarf-with-dsym";
				ENABLE_NS_ASSERTIONS = NO;
				ENABLE_STRICT_OBJC_MSGSEND = YES;
				GCC_C_LANGUAGE_STANDARD = gnu11;
				GCC_NO_COMMON_BLOCKS = YES;
				GCC_WARN_64_TO_32_BIT_CONVERSION = YES;
				GCC_WARN_ABOUT_RETURN_TYPE = YES_ERROR;
				GCC_WARN_UNDECLARED_SELECTOR = YES;
				GCC_WARN_UNINITIALIZED_AUTOS = YES_AGGRESSIVE;
				GCC_WARN_UNUSED_FUNCTION = YES;
				GCC_WARN_UNUSED_VARIABLE = YES;
				IPHONEOS_DEPLOYMENT_TARGET = 13.1;
				MTL_ENABLE_DEBUG_INFO = NO;
				MTL_FAST_MATH = YES;
				SDKROOT = iphoneos;
				SWIFT_COMPILATION_MODE = wholemodule;
				SWIFT_OPTIMIZATION_LEVEL = "-O";
				VALIDATE_PRODUCT = YES;
			};
			name = Release;
		};
		0FEEDB68236C1AE8002757D2 /* Debug */ = {
			isa = XCBuildConfiguration;
			buildSettings = {
				ASSETCATALOG_COMPILER_APPICON_NAME = AppIcon;
				CODE_SIGN_STYLE = Automatic;
				DEVELOPMENT_TEAM = HZK8963RGN;
				INFOPLIST_FILE = TMDBapp/Info.plist;
				LD_RUNPATH_SEARCH_PATHS = (
					"$(inherited)",
					"@executable_path/Frameworks",
				);
				PRODUCT_BUNDLE_IDENTIFIER = "pavlov-inc.TMDBapp";
				PRODUCT_NAME = "$(TARGET_NAME)";
				SWIFT_VERSION = 5.0;
				TARGETED_DEVICE_FAMILY = "1,2";
			};
			name = Debug;
		};
		0FEEDB69236C1AE8002757D2 /* Release */ = {
			isa = XCBuildConfiguration;
			buildSettings = {
				ASSETCATALOG_COMPILER_APPICON_NAME = AppIcon;
				CODE_SIGN_STYLE = Automatic;
				DEVELOPMENT_TEAM = HZK8963RGN;
				INFOPLIST_FILE = TMDBapp/Info.plist;
				LD_RUNPATH_SEARCH_PATHS = (
					"$(inherited)",
					"@executable_path/Frameworks",
				);
				PRODUCT_BUNDLE_IDENTIFIER = "pavlov-inc.TMDBapp";
				PRODUCT_NAME = "$(TARGET_NAME)";
				SWIFT_VERSION = 5.0;
				TARGETED_DEVICE_FAMILY = "1,2";
			};
			name = Release;
		};
/* End XCBuildConfiguration section */

/* Begin XCConfigurationList section */
		0FEEDB4E236C1AE5002757D2 /* Build configuration list for PBXProject "TMDBapp" */ = {
			isa = XCConfigurationList;
			buildConfigurations = (
				0FEEDB65236C1AE8002757D2 /* Debug */,
				0FEEDB66236C1AE8002757D2 /* Release */,
			);
			defaultConfigurationIsVisible = 0;
			defaultConfigurationName = Release;
		};
		0FEEDB67236C1AE8002757D2 /* Build configuration list for PBXNativeTarget "TMDBapp" */ = {
			isa = XCConfigurationList;
			buildConfigurations = (
				0FEEDB68236C1AE8002757D2 /* Debug */,
				0FEEDB69236C1AE8002757D2 /* Release */,
			);
			defaultConfigurationIsVisible = 0;
			defaultConfigurationName = Release;
		};
/* End XCConfigurationList section */
	};
	rootObject = 0FEEDB4B236C1AE5002757D2 /* Project object */;
}
